// !$*UTF8*$!
{
	archiveVersion = 1;
	classes = {
	};
	objectVersion = 46;
	objects = {

/* Begin PBXBuildFile section */
		D25310A619D22AF30077E028 /* AppDelegate.swift in Sources */ = {isa = PBXBuildFile; fileRef = D25310A519D22AF30077E028 /* AppDelegate.swift */; };
		D25310AB19D22AF30077E028 /* Main.storyboard in Resources */ = {isa = PBXBuildFile; fileRef = D25310A919D22AF30077E028 /* Main.storyboard */; };
		D25310AD19D22AF30077E028 /* Images.xcassets in Resources */ = {isa = PBXBuildFile; fileRef = D25310AC19D22AF30077E028 /* Images.xcassets */; };
		D25310B019D22AF30077E028 /* LaunchScreen.xib in Resources */ = {isa = PBXBuildFile; fileRef = D25310AE19D22AF30077E028 /* LaunchScreen.xib */; };
		D25310BC19D22AF30077E028 /* PopMenuTests.swift in Sources */ = {isa = PBXBuildFile; fileRef = D25310BB19D22AF30077E028 /* PopMenuTests.swift */; };
		D266C74A1AB0A84600399E49 /* PopcornController.swift in Sources */ = {isa = PBXBuildFile; fileRef = D266C7491AB0A84600399E49 /* PopcornController.swift */; };
		D266C74C1AB0A87600399E49 /* PopcornRenderer.swift in Sources */ = {isa = PBXBuildFile; fileRef = D266C74B1AB0A87600399E49 /* PopcornRenderer.swift */; };
		D266C74E1AB0A8AF00399E49 /* CircleView.swift in Sources */ = {isa = PBXBuildFile; fileRef = D266C74D1AB0A8AF00399E49 /* CircleView.swift */; };
		D266C7501AB128D500399E49 /* Color.swift in Sources */ = {isa = PBXBuildFile; fileRef = D266C74F1AB128D500399E49 /* Color.swift */; };
		D299F8041AAD161700EB041F /* Menu.swift in Sources */ = {isa = PBXBuildFile; fileRef = D299F8031AAD161700EB041F /* Menu.swift */; };
		D299F8081AAE304E00EB041F /* MenuComponents.swift in Sources */ = {isa = PBXBuildFile; fileRef = D299F8071AAE304E00EB041F /* MenuComponents.swift */; };
		D299F80A1AAE441E00EB041F /* ComponentTests.swift in Sources */ = {isa = PBXBuildFile; fileRef = D299F8091AAE441E00EB041F /* ComponentTests.swift */; };
		D299F80C1AAEA66200EB041F /* Util.swift in Sources */ = {isa = PBXBuildFile; fileRef = D299F80B1AAEA66200EB041F /* Util.swift */; };
		D299F80E1AAFED8800EB041F /* Popcorn.swift in Sources */ = {isa = PBXBuildFile; fileRef = D299F80D1AAFED8800EB041F /* Popcorn.swift */; };
/* End PBXBuildFile section */

/* Begin PBXContainerItemProxy section */
		D25310B619D22AF30077E028 /* PBXContainerItemProxy */ = {
			isa = PBXContainerItemProxy;
			containerPortal = D253109819D22AF30077E028 /* Project object */;
			proxyType = 1;
			remoteGlobalIDString = D253109F19D22AF30077E028;
			remoteInfo = PopMenu;
		};
/* End PBXContainerItemProxy section */

/* Begin PBXFileReference section */
		D25310A019D22AF30077E028 /* PopMenu.app */ = {isa = PBXFileReference; explicitFileType = wrapper.application; includeInIndex = 0; path = PopMenu.app; sourceTree = BUILT_PRODUCTS_DIR; };
		D25310A419D22AF30077E028 /* Info.plist */ = {isa = PBXFileReference; lastKnownFileType = text.plist.xml; path = Info.plist; sourceTree = "<group>"; };
		D25310A519D22AF30077E028 /* AppDelegate.swift */ = {isa = PBXFileReference; lastKnownFileType = sourcecode.swift; path = AppDelegate.swift; sourceTree = "<group>"; };
		D25310AA19D22AF30077E028 /* Base */ = {isa = PBXFileReference; lastKnownFileType = file.storyboard; name = Base; path = Base.lproj/Main.storyboard; sourceTree = "<group>"; };
		D25310AC19D22AF30077E028 /* Images.xcassets */ = {isa = PBXFileReference; lastKnownFileType = folder.assetcatalog; path = Images.xcassets; sourceTree = "<group>"; };
		D25310AF19D22AF30077E028 /* Base */ = {isa = PBXFileReference; lastKnownFileType = file.xib; name = Base; path = Base.lproj/LaunchScreen.xib; sourceTree = "<group>"; };
		D25310B519D22AF30077E028 /* PopMenuTests.xctest */ = {isa = PBXFileReference; explicitFileType = wrapper.cfbundle; includeInIndex = 0; path = PopMenuTests.xctest; sourceTree = BUILT_PRODUCTS_DIR; };
		D25310BA19D22AF30077E028 /* Info.plist */ = {isa = PBXFileReference; lastKnownFileType = text.plist.xml; path = Info.plist; sourceTree = "<group>"; };
		D25310BB19D22AF30077E028 /* PopMenuTests.swift */ = {isa = PBXFileReference; lastKnownFileType = sourcecode.swift; path = PopMenuTests.swift; sourceTree = "<group>"; };
		D266C7491AB0A84600399E49 /* PopcornController.swift */ = {isa = PBXFileReference; fileEncoding = 4; lastKnownFileType = sourcecode.swift; path = PopcornController.swift; sourceTree = "<group>"; };
		D266C74B1AB0A87600399E49 /* PopcornRenderer.swift */ = {isa = PBXFileReference; fileEncoding = 4; lastKnownFileType = sourcecode.swift; path = PopcornRenderer.swift; sourceTree = "<group>"; };
		D266C74D1AB0A8AF00399E49 /* CircleView.swift */ = {isa = PBXFileReference; fileEncoding = 4; lastKnownFileType = sourcecode.swift; path = CircleView.swift; sourceTree = "<group>"; };
		D266C74F1AB128D500399E49 /* Color.swift */ = {isa = PBXFileReference; fileEncoding = 4; lastKnownFileType = sourcecode.swift; path = Color.swift; sourceTree = "<group>"; };
		D299F8031AAD161700EB041F /* Menu.swift */ = {isa = PBXFileReference; fileEncoding = 4; lastKnownFileType = sourcecode.swift; path = Menu.swift; sourceTree = "<group>"; };
		D299F8071AAE304E00EB041F /* MenuComponents.swift */ = {isa = PBXFileReference; fileEncoding = 4; lastKnownFileType = sourcecode.swift; path = MenuComponents.swift; sourceTree = "<group>"; };
		D299F8091AAE441E00EB041F /* ComponentTests.swift */ = {isa = PBXFileReference; fileEncoding = 4; lastKnownFileType = sourcecode.swift; path = ComponentTests.swift; sourceTree = "<group>"; };
		D299F80B1AAEA66200EB041F /* Util.swift */ = {isa = PBXFileReference; fileEncoding = 4; lastKnownFileType = sourcecode.swift; path = Util.swift; sourceTree = "<group>"; };
		D299F80D1AAFED8800EB041F /* Popcorn.swift */ = {isa = PBXFileReference; fileEncoding = 4; lastKnownFileType = sourcecode.swift; path = Popcorn.swift; sourceTree = "<group>"; };
/* End PBXFileReference section */

/* Begin PBXFrameworksBuildPhase section */
		D253109D19D22AF30077E028 /* Frameworks */ = {
			isa = PBXFrameworksBuildPhase;
			buildActionMask = 2147483647;
			files = (
			);
			runOnlyForDeploymentPostprocessing = 0;
		};
		D25310B219D22AF30077E028 /* Frameworks */ = {
			isa = PBXFrameworksBuildPhase;
			buildActionMask = 2147483647;
			files = (
			);
			runOnlyForDeploymentPostprocessing = 0;
		};
/* End PBXFrameworksBuildPhase section */

/* Begin PBXGroup section */
		D253109719D22AF30077E028 = {
			isa = PBXGroup;
			children = (
				D25310A219D22AF30077E028 /* PopMenu */,
				D25310B819D22AF30077E028 /* PopMenuTests */,
				D25310A119D22AF30077E028 /* Products */,
			);
			sourceTree = "<group>";
		};
		D25310A119D22AF30077E028 /* Products */ = {
			isa = PBXGroup;
			children = (
				D25310A019D22AF30077E028 /* PopMenu.app */,
				D25310B519D22AF30077E028 /* PopMenuTests.xctest */,
			);
			name = Products;
			sourceTree = "<group>";
		};
		D25310A219D22AF30077E028 /* PopMenu */ = {
			isa = PBXGroup;
			children = (
				D25310A519D22AF30077E028 /* AppDelegate.swift */,
				D25310A919D22AF30077E028 /* Main.storyboard */,
				D25310AC19D22AF30077E028 /* Images.xcassets */,
				D25310AE19D22AF30077E028 /* LaunchScreen.xib */,
				D25310A319D22AF30077E028 /* Supporting Files */,
				D299F8031AAD161700EB041F /* Menu.swift */,
				D299F8071AAE304E00EB041F /* MenuComponents.swift */,
				D299F8091AAE441E00EB041F /* ComponentTests.swift */,
				D299F80D1AAFED8800EB041F /* Popcorn.swift */,
				D266C7491AB0A84600399E49 /* PopcornController.swift */,
				D266C74B1AB0A87600399E49 /* PopcornRenderer.swift */,
				D266C74D1AB0A8AF00399E49 /* CircleView.swift */,
			);
			path = PopMenu;
			sourceTree = "<group>";
		};
		D25310A319D22AF30077E028 /* Supporting Files */ = {
			isa = PBXGroup;
			children = (
				D25310A419D22AF30077E028 /* Info.plist */,
				D299F80B1AAEA66200EB041F /* Util.swift */,
				D266C74F1AB128D500399E49 /* Color.swift */,
			);
			name = "Supporting Files";
			sourceTree = "<group>";
		};
		D25310B819D22AF30077E028 /* PopMenuTests */ = {
			isa = PBXGroup;
			children = (
				D25310BB19D22AF30077E028 /* PopMenuTests.swift */,
				D25310B919D22AF30077E028 /* Supporting Files */,
			);
			path = PopMenuTests;
			sourceTree = "<group>";
		};
		D25310B919D22AF30077E028 /* Supporting Files */ = {
			isa = PBXGroup;
			children = (
				D25310BA19D22AF30077E028 /* Info.plist */,
			);
			name = "Supporting Files";
			sourceTree = "<group>";
		};
/* End PBXGroup section */

/* Begin PBXNativeTarget section */
		D253109F19D22AF30077E028 /* PopMenu */ = {
			isa = PBXNativeTarget;
			buildConfigurationList = D25310BF19D22AF30077E028 /* Build configuration list for PBXNativeTarget "PopMenu" */;
			buildPhases = (
				D253109C19D22AF30077E028 /* Sources */,
				D253109D19D22AF30077E028 /* Frameworks */,
				D253109E19D22AF30077E028 /* Resources */,
			);
			buildRules = (
			);
			dependencies = (
			);
			name = PopMenu;
			productName = PopMenu;
			productReference = D25310A019D22AF30077E028 /* PopMenu.app */;
			productType = "com.apple.product-type.application";
		};
		D25310B419D22AF30077E028 /* PopMenuTests */ = {
			isa = PBXNativeTarget;
			buildConfigurationList = D25310C219D22AF30077E028 /* Build configuration list for PBXNativeTarget "PopMenuTests" */;
			buildPhases = (
				D25310B119D22AF30077E028 /* Sources */,
				D25310B219D22AF30077E028 /* Frameworks */,
				D25310B319D22AF30077E028 /* Resources */,
			);
			buildRules = (
			);
			dependencies = (
				D25310B719D22AF30077E028 /* PBXTargetDependency */,
			);
			name = PopMenuTests;
			productName = PopMenuTests;
			productReference = D25310B519D22AF30077E028 /* PopMenuTests.xctest */;
			productType = "com.apple.product-type.bundle.unit-test";
		};
/* End PBXNativeTarget section */

/* Begin PBXProject section */
		D253109819D22AF30077E028 /* Project object */ = {
			isa = PBXProject;
			attributes = {
				LastUpgradeCheck = 0600;
				ORGANIZATIONNAME = "Scott Krulcik";
				TargetAttributes = {
					D253109F19D22AF30077E028 = {
						CreatedOnToolsVersion = 6.0;
					};
					D25310B419D22AF30077E028 = {
						CreatedOnToolsVersion = 6.0;
						TestTargetID = D253109F19D22AF30077E028;
					};
				};
			};
			buildConfigurationList = D253109B19D22AF30077E028 /* Build configuration list for PBXProject "PopMenu" */;
			compatibilityVersion = "Xcode 3.2";
			developmentRegion = English;
			hasScannedForEncodings = 0;
			knownRegions = (
				en,
				Base,
			);
			mainGroup = D253109719D22AF30077E028;
			productRefGroup = D25310A119D22AF30077E028 /* Products */;
			projectDirPath = "";
			projectRoot = "";
			targets = (
				D253109F19D22AF30077E028 /* PopMenu */,
				D25310B419D22AF30077E028 /* PopMenuTests */,
			);
		};
/* End PBXProject section */

/* Begin PBXResourcesBuildPhase section */
		D253109E19D22AF30077E028 /* Resources */ = {
			isa = PBXResourcesBuildPhase;
			buildActionMask = 2147483647;
			files = (
				D25310AB19D22AF30077E028 /* Main.storyboard in Resources */,
				D25310B019D22AF30077E028 /* LaunchScreen.xib in Resources */,
				D25310AD19D22AF30077E028 /* Images.xcassets in Resources */,
			);
			runOnlyForDeploymentPostprocessing = 0;
		};
		D25310B319D22AF30077E028 /* Resources */ = {
			isa = PBXResourcesBuildPhase;
			buildActionMask = 2147483647;
			files = (
			);
			runOnlyForDeploymentPostprocessing = 0;
		};
/* End PBXResourcesBuildPhase section */

/* Begin PBXSourcesBuildPhase section */
		D253109C19D22AF30077E028 /* Sources */ = {
			isa = PBXSourcesBuildPhase;
			buildActionMask = 2147483647;
			files = (
				D266C74E1AB0A8AF00399E49 /* CircleView.swift in Sources */,
				D266C74C1AB0A87600399E49 /* PopcornRenderer.swift in Sources */,
				D299F8081AAE304E00EB041F /* MenuComponents.swift in Sources */,
				D266C7501AB128D500399E49 /* Color.swift in Sources */,
				D299F80A1AAE441E00EB041F /* ComponentTests.swift in Sources */,
				D299F80C1AAEA66200EB041F /* Util.swift in Sources */,
				D25310A619D22AF30077E028 /* AppDelegate.swift in Sources */,
				D266C74A1AB0A84600399E49 /* PopcornController.swift in Sources */,
				D299F8041AAD161700EB041F /* Menu.swift in Sources */,
				D299F80E1AAFED8800EB041F /* Popcorn.swift in Sources */,
			);
			runOnlyForDeploymentPostprocessing = 0;
		};
		D25310B119D22AF30077E028 /* Sources */ = {
			isa = PBXSourcesBuildPhase;
			buildActionMask = 2147483647;
			files = (
				D25310BC19D22AF30077E028 /* PopMenuTests.swift in Sources */,
			);
			runOnlyForDeploymentPostprocessing = 0;
		};
/* End PBXSourcesBuildPhase section */

/* Begin PBXTargetDependency section */
		D25310B719D22AF30077E028 /* PBXTargetDependency */ = {
			isa = PBXTargetDependency;
			target = D253109F19D22AF30077E028 /* PopMenu */;
			targetProxy = D25310B619D22AF30077E028 /* PBXContainerItemProxy */;
		};
/* End PBXTargetDependency section */

/* Begin PBXVariantGroup section */
		D25310A919D22AF30077E028 /* Main.storyboard */ = {
			isa = PBXVariantGroup;
			children = (
				D25310AA19D22AF30077E028 /* Base */,
			);
			name = Main.storyboard;
			sourceTree = "<group>";
		};
		D25310AE19D22AF30077E028 /* LaunchScreen.xib */ = {
			isa = PBXVariantGroup;
			children = (
				D25310AF19D22AF30077E028 /* Base */,
			);
			name = LaunchScreen.xib;
			sourceTree = "<group>";
		};
/* End PBXVariantGroup section */

/* Begin XCBuildConfiguration section */
		D25310BD19D22AF30077E028 /* Debug */ = {
			isa = XCBuildConfiguration;
			buildSettings = {
				ALWAYS_SEARCH_USER_PATHS = NO;
				CLANG_CXX_LANGUAGE_STANDARD = "gnu++0x";
				CLANG_CXX_LIBRARY = "libc++";
				CLANG_ENABLE_MODULES = YES;
				CLANG_ENABLE_OBJC_ARC = YES;
				CLANG_WARN_BOOL_CONVERSION = YES;
				CLANG_WARN_CONSTANT_CONVERSION = YES;
				CLANG_WARN_DIRECT_OBJC_ISA_USAGE = YES_ERROR;
				CLANG_WARN_EMPTY_BODY = YES;
				CLANG_WARN_ENUM_CONVERSION = YES;
				CLANG_WARN_INT_CONVERSION = YES;
				CLANG_WARN_OBJC_ROOT_CLASS = YES_ERROR;
				CLANG_WARN_UNREACHABLE_CODE = YES;
				CLANG_WARN__DUPLICATE_METHOD_MATCH = YES;
				"CODE_SIGN_IDENTITY[sdk=iphoneos*]" = "iPhone Developer";
				COPY_PHASE_STRIP = NO;
				ENABLE_STRICT_OBJC_MSGSEND = YES;
				GCC_C_LANGUAGE_STANDARD = gnu99;
				GCC_DYNAMIC_NO_PIC = NO;
				GCC_OPTIMIZATION_LEVEL = 0;
				GCC_PREPROCESSOR_DEFINITIONS = (
					"DEBUG=1",
					"$(inherited)",
				);
				GCC_SYMBOLS_PRIVATE_EXTERN = NO;
				GCC_WARN_64_TO_32_BIT_CONVERSION = YES;
				GCC_WARN_ABOUT_RETURN_TYPE = YES_ERROR;
				GCC_WARN_UNDECLARED_SELECTOR = YES;
				GCC_WARN_UNINITIALIZED_AUTOS = YES_AGGRESSIVE;
				GCC_WARN_UNUSED_FUNCTION = YES;
				GCC_WARN_UNUSED_VARIABLE = YES;
				IPHONEOS_DEPLOYMENT_TARGET = 8.0;
				MTL_ENABLE_DEBUG_INFO = YES;
				ONLY_ACTIVE_ARCH = YES;
				SDKROOT = iphoneos;
				SWIFT_OPTIMIZATION_LEVEL = "-Onone";
				TARGETED_DEVICE_FAMILY = "1,2";
			};
			name = Debug;
		};
		D25310BE19D22AF30077E028 /* Release */ = {
			isa = XCBuildConfiguration;
			buildSettings = {
				ALWAYS_SEARCH_USER_PATHS = NO;
				CLANG_CXX_LANGUAGE_STANDARD = "gnu++0x";
				CLANG_CXX_LIBRARY = "libc++";
				CLANG_ENABLE_MODULES = YES;
				CLANG_ENABLE_OBJC_ARC = YES;
				CLANG_WARN_BOOL_CONVERSION = YES;
				CLANG_WARN_CONSTANT_CONVERSION = YES;
				CLANG_WARN_DIRECT_OBJC_ISA_USAGE = YES_ERROR;
				CLANG_WARN_EMPTY_BODY = YES;
				CLANG_WARN_ENUM_CONVERSION = YES;
				CLANG_WARN_INT_CONVERSION = YES;
				CLANG_WARN_OBJC_ROOT_CLASS = YES_ERROR;
				CLANG_WARN_UNREACHABLE_CODE = YES;
				CLANG_WARN__DUPLICATE_METHOD_MATCH = YES;
				"CODE_SIGN_IDENTITY[sdk=iphoneos*]" = "iPhone Developer";
				COPY_PHASE_STRIP = YES;
				ENABLE_NS_ASSERTIONS = NO;
				ENABLE_STRICT_OBJC_MSGSEND = YES;
				GCC_C_LANGUAGE_STANDARD = gnu99;
				GCC_WARN_64_TO_32_BIT_CONVERSION = YES;
				GCC_WARN_ABOUT_RETURN_TYPE = YES_ERROR;
				GCC_WARN_UNDECLARED_SELECTOR = YES;
				GCC_WARN_UNINITIALIZED_AUTOS = YES_AGGRESSIVE;
				GCC_WARN_UNUSED_FUNCTION = YES;
				GCC_WARN_UNUSED_VARIABLE = YES;
				IPHONEOS_DEPLOYMENT_TARGET = 8.0;
				MTL_ENABLE_DEBUG_INFO = NO;
				SDKROOT = iphoneos;
				TARGETED_DEVICE_FAMILY = "1,2";
				VALIDATE_PRODUCT = YES;
			};
			name = Release;
		};
		D25310C019D22AF30077E028 /* Debug */ = {
			isa = XCBuildConfiguration;
			buildSettings = {
				ASSETCATALOG_COMPILER_APPICON_NAME = AppIcon;
				INFOPLIST_FILE = PopMenu/Info.plist;
				LD_RUNPATH_SEARCH_PATHS = "$(inherited) @executable_path/Frameworks";
				PRODUCT_NAME = "$(TARGET_NAME)";
			};
			name = Debug;
		};
		D25310C119D22AF30077E028 /* Release */ = {
			isa = XCBuildConfiguration;
			buildSettings = {
				ASSETCATALOG_COMPILER_APPICON_NAME = AppIcon;
				INFOPLIST_FILE = PopMenu/Info.plist;
				LD_RUNPATH_SEARCH_PATHS = "$(inherited) @executable_path/Frameworks";
				PRODUCT_NAME = "$(TARGET_NAME)";
			};
			name = Release;
		};
		D25310C319D22AF30077E028 /* Debug */ = {
			isa = XCBuildConfiguration;
			buildSettings = {
				BUNDLE_LOADER = "$(TEST_HOST)";
				FRAMEWORK_SEARCH_PATHS = (
					"$(SDKROOT)/Developer/Library/Frameworks",
					"$(inherited)",
				);
				GCC_PREPROCESSOR_DEFINITIONS = (
					"DEBUG=1",
					"$(inherited)",
				);
				INFOPLIST_FILE = PopMenuTests/Info.plist;
				LD_RUNPATH_SEARCH_PATHS = "$(inherited) @executable_path/Frameworks @loader_path/Frameworks";
				PRODUCT_NAME = "$(TARGET_NAME)";
				TEST_HOST = "$(BUILT_PRODUCTS_DIR)/PopMenu.app/PopMenu";
			};
			name = Debug;
		};
		D25310C419D22AF30077E028 /* Release */ = {
			isa = XCBuildConfiguration;
			buildSettings = {
				BUNDLE_LOADER = "$(TEST_HOST)";
				FRAMEWORK_SEARCH_PATHS = (
					"$(SDKROOT)/Developer/Library/Frameworks",
					"$(inherited)",
				);
				INFOPLIST_FILE = PopMenuTests/Info.plist;
				LD_RUNPATH_SEARCH_PATHS = "$(inherited) @executable_path/Frameworks @loader_path/Frameworks";
				PRODUCT_NAME = "$(TARGET_NAME)";
				TEST_HOST = "$(BUILT_PRODUCTS_DIR)/PopMenu.app/PopMenu";
			};
			name = Release;
		};
/* End XCBuildConfiguration section */

/* Begin XCConfigurationList section */
		D253109B19D22AF30077E028 /* Build configuration list for PBXProject "PopMenu" */ = {
			isa = XCConfigurationList;
			buildConfigurations = (
				D25310BD19D22AF30077E028 /* Debug */,
				D25310BE19D22AF30077E028 /* Release */,
			);
			defaultConfigurationIsVisible = 0;
			defaultConfigurationName = Release;
		};
		D25310BF19D22AF30077E028 /* Build configuration list for PBXNativeTarget "PopMenu" */ = {
			isa = XCConfigurationList;
			buildConfigurations = (
				D25310C019D22AF30077E028 /* Debug */,
				D25310C119D22AF30077E028 /* Release */,
			);
			defaultConfigurationIsVisible = 0;
			defaultConfigurationName = Release;
		};
		D25310C219D22AF30077E028 /* Build configuration list for PBXNativeTarget "PopMenuTests" */ = {
			isa = XCConfigurationList;
			buildConfigurations = (
				D25310C319D22AF30077E028 /* Debug */,
				D25310C419D22AF30077E028 /* Release */,
			);
			defaultConfigurationIsVisible = 0;
			defaultConfigurationName = Release;
		};
/* End XCConfigurationList section */
	};
	rootObject = D253109819D22AF30077E028 /* Project object */;
}
